// !$*UTF8*$!
{
	archiveVersion = 1;
	classes = {
	};
	objectVersion = 50;
	objects = {

/* Begin PBXBuildFile section */
		31E1906021EE4FB200EE88F8 /* ViewControllerClicker.swift in Sources */ = {isa = PBXBuildFile; fileRef = 31E1905F21EE4FB200EE88F8 /* ViewControllerClicker.swift */; };
		31E1906421EEE56300EE88F8 /* GameViewController.swift in Sources */ = {isa = PBXBuildFile; fileRef = 31E1906321EEE56300EE88F8 /* GameViewController.swift */; };
		31E1906821EEE5F800EE88F8 /* GameScene.swift in Sources */ = {isa = PBXBuildFile; fileRef = 31E1906521EEE5F700EE88F8 /* GameScene.swift */; };
		31E1906921EEE5F800EE88F8 /* Actions.sks in Resources */ = {isa = PBXBuildFile; fileRef = 31E1906621EEE5F800EE88F8 /* Actions.sks */; };
		31E1906A21EEE5F800EE88F8 /* GameScene.sks in Resources */ = {isa = PBXBuildFile; fileRef = 31E1906721EEE5F800EE88F8 /* GameScene.sks */; };
		31E1906E21EEF02A00EE88F8 /* MenuVC.swift in Sources */ = {isa = PBXBuildFile; fileRef = 31E1906D21EEF02A00EE88F8 /* MenuVC.swift */; };
		31F0419721E9C8030092B380 /* martin.mp3 in Resources */ = {isa = PBXBuildFile; fileRef = 31F0419621E9C8030092B380 /* martin.mp3 */; };
		31F71016217D706000A7F85F /* AppDelegate.swift in Sources */ = {isa = PBXBuildFile; fileRef = 31F71015217D706000A7F85F /* AppDelegate.swift */; };
		31F71018217D706000A7F85F /* ViewController.swift in Sources */ = {isa = PBXBuildFile; fileRef = 31F71017217D706000A7F85F /* ViewController.swift */; };
		31F7101B217D706000A7F85F /* Main.storyboard in Resources */ = {isa = PBXBuildFile; fileRef = 31F71019217D706000A7F85F /* Main.storyboard */; };
		31F7101D217D706100A7F85F /* Assets.xcassets in Resources */ = {isa = PBXBuildFile; fileRef = 31F7101C217D706100A7F85F /* Assets.xcassets */; };
		31F71020217D706100A7F85F /* LaunchScreen.storyboard in Resources */ = {isa = PBXBuildFile; fileRef = 31F7101E217D706100A7F85F /* LaunchScreen.storyboard */; };
		31F71042217E40C600A7F85F /* mijo.mp3 in Resources */ = {isa = PBXBuildFile; fileRef = 31F7103D217E40C500A7F85F /* mijo.mp3 */; };
		31F71043217E40C600A7F85F /* guatemalan.mp3 in Resources */ = {isa = PBXBuildFile; fileRef = 31F7103E217E40C500A7F85F /* guatemalan.mp3 */; };
		31F71044217E40C600A7F85F /* papas.mp3 in Resources */ = {isa = PBXBuildFile; fileRef = 31F7103F217E40C500A7F85F /* papas.mp3 */; };
		31F71045217E40C600A7F85F /* enamorado.mp3 in Resources */ = {isa = PBXBuildFile; fileRef = 31F71040217E40C500A7F85F /* enamorado.mp3 */; };
		31F71046217E40C600A7F85F /* chisme.mp3 in Resources */ = {isa = PBXBuildFile; fileRef = 31F71041217E40C500A7F85F /* chisme.mp3 */; };
/* End PBXBuildFile section */

/* Begin PBXFileReference section */
		31E1905F21EE4FB200EE88F8 /* ViewControllerClicker.swift */ = {isa = PBXFileReference; lastKnownFileType = sourcecode.swift; path = ViewControllerClicker.swift; sourceTree = "<group>"; };
		31E1906321EEE56300EE88F8 /* GameViewController.swift */ = {isa = PBXFileReference; fileEncoding = 4; lastKnownFileType = sourcecode.swift; path = GameViewController.swift; sourceTree = "<group>"; };
		31E1906521EEE5F700EE88F8 /* GameScene.swift */ = {isa = PBXFileReference; fileEncoding = 4; lastKnownFileType = sourcecode.swift; path = GameScene.swift; sourceTree = "<group>"; };
		31E1906621EEE5F800EE88F8 /* Actions.sks */ = {isa = PBXFileReference; lastKnownFileType = file.sks; path = Actions.sks; sourceTree = "<group>"; };
		31E1906721EEE5F800EE88F8 /* GameScene.sks */ = {isa = PBXFileReference; lastKnownFileType = file.sks; path = GameScene.sks; sourceTree = "<group>"; };
		31E1906D21EEF02A00EE88F8 /* MenuVC.swift */ = {isa = PBXFileReference; fileEncoding = 4; lastKnownFileType = sourcecode.swift; path = MenuVC.swift; sourceTree = "<group>"; };
		31F0419621E9C8030092B380 /* martin.mp3 */ = {isa = PBXFileReference; lastKnownFileType = audio.mp3; name = martin.mp3; path = Assets/Audio/martin.mp3; sourceTree = SOURCE_ROOT; };
		31F71012217D706000A7F85F /* Anibal Morales Soundboard.app */ = {isa = PBXFileReference; explicitFileType = wrapper.application; includeInIndex = 0; path = "Anibal Morales Soundboard.app"; sourceTree = BUILT_PRODUCTS_DIR; };
		31F71015217D706000A7F85F /* AppDelegate.swift */ = {isa = PBXFileReference; lastKnownFileType = sourcecode.swift; path = AppDelegate.swift; sourceTree = "<group>"; };
		31F71017217D706000A7F85F /* ViewController.swift */ = {isa = PBXFileReference; lastKnownFileType = sourcecode.swift; path = ViewController.swift; sourceTree = "<group>"; };
		31F7101A217D706000A7F85F /* Base */ = {isa = PBXFileReference; lastKnownFileType = file.storyboard; name = Base; path = Base.lproj/Main.storyboard; sourceTree = "<group>"; };
		31F7101C217D706100A7F85F /* Assets.xcassets */ = {isa = PBXFileReference; lastKnownFileType = folder.assetcatalog; path = Assets.xcassets; sourceTree = "<group>"; };
		31F7101F217D706100A7F85F /* Base */ = {isa = PBXFileReference; lastKnownFileType = file.storyboard; name = Base; path = Base.lproj/LaunchScreen.storyboard; sourceTree = "<group>"; };
		31F71021217D706100A7F85F /* Info.plist */ = {isa = PBXFileReference; lastKnownFileType = text.plist.xml; path = Info.plist; sourceTree = "<group>"; };
		31F7103D217E40C500A7F85F /* mijo.mp3 */ = {isa = PBXFileReference; lastKnownFileType = audio.mp3; name = mijo.mp3; path = Assets/Audio/mijo.mp3; sourceTree = SOURCE_ROOT; };
		31F7103E217E40C500A7F85F /* guatemalan.mp3 */ = {isa = PBXFileReference; lastKnownFileType = audio.mp3; name = guatemalan.mp3; path = Assets/Audio/guatemalan.mp3; sourceTree = SOURCE_ROOT; };
		31F7103F217E40C500A7F85F /* papas.mp3 */ = {isa = PBXFileReference; lastKnownFileType = audio.mp3; name = papas.mp3; path = Assets/Audio/papas.mp3; sourceTree = SOURCE_ROOT; };
		31F71040217E40C500A7F85F /* enamorado.mp3 */ = {isa = PBXFileReference; lastKnownFileType = audio.mp3; name = enamorado.mp3; path = Assets/Audio/enamorado.mp3; sourceTree = SOURCE_ROOT; };
		31F71041217E40C500A7F85F /* chisme.mp3 */ = {isa = PBXFileReference; lastKnownFileType = audio.mp3; name = chisme.mp3; path = Assets/Audio/chisme.mp3; sourceTree = SOURCE_ROOT; };
/* End PBXFileReference section */

/* Begin PBXFrameworksBuildPhase section */
		31F7100F217D706000A7F85F /* Frameworks */ = {
			isa = PBXFrameworksBuildPhase;
			buildActionMask = 2147483647;
			files = (
			);
			runOnlyForDeploymentPostprocessing = 0;
		};
/* End PBXFrameworksBuildPhase section */

/* Begin PBXGroup section */
		31F71009217D706000A7F85F = {
			isa = PBXGroup;
			children = (
				31F71014217D706000A7F85F /* Anibal Morales Soundboard */,
				31F71013217D706000A7F85F /* Products */,
			);
			sourceTree = "<group>";
		};
		31F71013217D706000A7F85F /* Products */ = {
			isa = PBXGroup;
			children = (
				31F71012217D706000A7F85F /* Anibal Morales Soundboard.app */,
			);
			name = Products;
			sourceTree = "<group>";
		};
		31F71014217D706000A7F85F /* Anibal Morales Soundboard */ = {
			isa = PBXGroup;
			children = (
				31F71041217E40C500A7F85F /* chisme.mp3 */,
				31F7103E217E40C500A7F85F /* guatemalan.mp3 */,
				31F71040217E40C500A7F85F /* enamorado.mp3 */,
				31F7103D217E40C500A7F85F /* mijo.mp3 */,
				31F7103F217E40C500A7F85F /* papas.mp3 */,
				31F0419621E9C8030092B380 /* martin.mp3 */,
				31F71015217D706000A7F85F /* AppDelegate.swift */,
				31F71017217D706000A7F85F /* ViewController.swift */,
				31E1906321EEE56300EE88F8 /* GameViewController.swift */,
				31E1905F21EE4FB200EE88F8 /* ViewControllerClicker.swift */,
				31E1906D21EEF02A00EE88F8 /* MenuVC.swift */,
				31F71019217D706000A7F85F /* Main.storyboard */,
				31F7101C217D706100A7F85F /* Assets.xcassets */,
				31F7101E217D706100A7F85F /* LaunchScreen.storyboard */,
				31F71021217D706100A7F85F /* Info.plist */,
				31E1906621EEE5F800EE88F8 /* Actions.sks */,
				31E1906721EEE5F800EE88F8 /* GameScene.sks */,
				31E1906521EEE5F700EE88F8 /* GameScene.swift */,
			);
			path = "Anibal Morales Soundboard";
			sourceTree = "<group>";
		};
/* End PBXGroup section */

/* Begin PBXNativeTarget section */
		31F71011217D706000A7F85F /* Anibal Morales Soundboard */ = {
			isa = PBXNativeTarget;
			buildConfigurationList = 31F71024217D706100A7F85F /* Build configuration list for PBXNativeTarget "Anibal Morales Soundboard" */;
			buildPhases = (
				31F7100E217D706000A7F85F /* Sources */,
				31F7100F217D706000A7F85F /* Frameworks */,
				31F71010217D706000A7F85F /* Resources */,
			);
			buildRules = (
			);
			dependencies = (
			);
			name = "Anibal Morales Soundboard";
			productName = "Guatemalan Embassy";
			productReference = 31F71012217D706000A7F85F /* Anibal Morales Soundboard.app */;
			productType = "com.apple.product-type.application";
		};
/* End PBXNativeTarget section */

/* Begin PBXProject section */
		31F7100A217D706000A7F85F /* Project object */ = {
			isa = PBXProject;
			attributes = {
				LastSwiftUpdateCheck = 1000;
				LastUpgradeCheck = 1000;
				ORGANIZATIONNAME = "Schevenin Developer Organization";
				TargetAttributes = {
					31F71011217D706000A7F85F = {
						CreatedOnToolsVersion = 10.0;
					};
				};
			};
			buildConfigurationList = 31F7100D217D706000A7F85F /* Build configuration list for PBXProject "Anibal Morales Soundboard" */;
			compatibilityVersion = "Xcode 9.3";
			developmentRegion = en;
			hasScannedForEncodings = 0;
			knownRegions = (
				en,
				Base,
			);
			mainGroup = 31F71009217D706000A7F85F;
			productRefGroup = 31F71013217D706000A7F85F /* Products */;
			projectDirPath = "";
			projectRoot = "";
			targets = (
				31F71011217D706000A7F85F /* Anibal Morales Soundboard */,
			);
		};
/* End PBXProject section */

/* Begin PBXResourcesBuildPhase section */
		31F71010217D706000A7F85F /* Resources */ = {
			isa = PBXResourcesBuildPhase;
			buildActionMask = 2147483647;
			files = (
				31F71043217E40C600A7F85F /* guatemalan.mp3 in Resources */,
				31F71046217E40C600A7F85F /* chisme.mp3 in Resources */,
				31F71020217D706100A7F85F /* LaunchScreen.storyboard in Resources */,
				31E1906A21EEE5F800EE88F8 /* GameScene.sks in Resources */,
				31F71044217E40C600A7F85F /* papas.mp3 in Resources */,
				31F71045217E40C600A7F85F /* enamorado.mp3 in Resources */,
				31F71042217E40C600A7F85F /* mijo.mp3 in Resources */,
				31F7101D217D706100A7F85F /* Assets.xcassets in Resources */,
				31F0419721E9C8030092B380 /* martin.mp3 in Resources */,
				31F7101B217D706000A7F85F /* Main.storyboard in Resources */,
				31E1906921EEE5F800EE88F8 /* Actions.sks in Resources */,
			);
			runOnlyForDeploymentPostprocessing = 0;
		};
/* End PBXResourcesBuildPhase section */

/* Begin PBXSourcesBuildPhase section */
		31F7100E217D706000A7F85F /* Sources */ = {
			isa = PBXSourcesBuildPhase;
			buildActionMask = 2147483647;
			files = (
				31E1906821EEE5F800EE88F8 /* GameScene.swift in Sources */,
				31E1906421EEE56300EE88F8 /* GameViewController.swift in Sources */,
				31E1906021EE4FB200EE88F8 /* ViewControllerClicker.swift in Sources */,
				31F71018217D706000A7F85F /* ViewController.swift in Sources */,
				31F71016217D706000A7F85F /* AppDelegate.swift in Sources */,
				31E1906E21EEF02A00EE88F8 /* MenuVC.swift in Sources */,
			);
			runOnlyForDeploymentPostprocessing = 0;
		};
/* End PBXSourcesBuildPhase section */

/* Begin PBXVariantGroup section */
		31F71019217D706000A7F85F /* Main.storyboard */ = {
			isa = PBXVariantGroup;
			children = (
				31F7101A217D706000A7F85F /* Base */,
			);
			name = Main.storyboard;
			sourceTree = "<group>";
		};
		31F7101E217D706100A7F85F /* LaunchScreen.storyboard */ = {
			isa = PBXVariantGroup;
			children = (
				31F7101F217D706100A7F85F /* Base */,
			);
			name = LaunchScreen.storyboard;
			sourceTree = "<group>";
		};
/* End PBXVariantGroup section */

/* Begin XCBuildConfiguration section */
		31F71022217D706100A7F85F /* Debug */ = {
			isa = XCBuildConfiguration;
			buildSettings = {
				ALWAYS_SEARCH_USER_PATHS = NO;
				CLANG_ANALYZER_NONNULL = YES;
				CLANG_ANALYZER_NUMBER_OBJECT_CONVERSION = YES_AGGRESSIVE;
				CLANG_CXX_LANGUAGE_STANDARD = "gnu++14";
				CLANG_CXX_LIBRARY = "libc++";
				CLANG_ENABLE_MODULES = YES;
				CLANG_ENABLE_OBJC_ARC = YES;
				CLANG_ENABLE_OBJC_WEAK = YES;
				CLANG_WARN_BLOCK_CAPTURE_AUTORELEASING = YES;
				CLANG_WARN_BOOL_CONVERSION = YES;
				CLANG_WARN_COMMA = YES;
				CLANG_WARN_CONSTANT_CONVERSION = YES;
				CLANG_WARN_DEPRECATED_OBJC_IMPLEMENTATIONS = YES;
				CLANG_WARN_DIRECT_OBJC_ISA_USAGE = YES_ERROR;
				CLANG_WARN_DOCUMENTATION_COMMENTS = YES;
				CLANG_WARN_EMPTY_BODY = YES;
				CLANG_WARN_ENUM_CONVERSION = YES;
				CLANG_WARN_INFINITE_RECURSION = YES;
				CLANG_WARN_INT_CONVERSION = YES;
				CLANG_WARN_NON_LITERAL_NULL_CONVERSION = YES;
				CLANG_WARN_OBJC_IMPLICIT_RETAIN_SELF = YES;
				CLANG_WARN_OBJC_LITERAL_CONVERSION = YES;
				CLANG_WARN_OBJC_ROOT_CLASS = YES_ERROR;
				CLANG_WARN_RANGE_LOOP_ANALYSIS = YES;
				CLANG_WARN_STRICT_PROTOTYPES = YES;
				CLANG_WARN_SUSPICIOUS_MOVE = YES;
				CLANG_WARN_UNGUARDED_AVAILABILITY = YES_AGGRESSIVE;
				CLANG_WARN_UNREACHABLE_CODE = YES;
				CLANG_WARN__DUPLICATE_METHOD_MATCH = YES;
				CODE_SIGN_IDENTITY = "iPhone Developer";
				COPY_PHASE_STRIP = NO;
				DEBUG_INFORMATION_FORMAT = dwarf;
				ENABLE_STRICT_OBJC_MSGSEND = YES;
				ENABLE_TESTABILITY = YES;
				GCC_C_LANGUAGE_STANDARD = gnu11;
				GCC_DYNAMIC_NO_PIC = NO;
				GCC_NO_COMMON_BLOCKS = YES;
				GCC_OPTIMIZATION_LEVEL = 0;
				GCC_PREPROCESSOR_DEFINITIONS = (
					"DEBUG=1",
					"$(inherited)",
				);
				GCC_WARN_64_TO_32_BIT_CONVERSION = YES;
				GCC_WARN_ABOUT_RETURN_TYPE = YES_ERROR;
				GCC_WARN_UNDECLARED_SELECTOR = YES;
				GCC_WARN_UNINITIALIZED_AUTOS = YES_AGGRESSIVE;
				GCC_WARN_UNUSED_FUNCTION = YES;
				GCC_WARN_UNUSED_VARIABLE = YES;
				IPHONEOS_DEPLOYMENT_TARGET = 11.0;
				MTL_ENABLE_DEBUG_INFO = INCLUDE_SOURCE;
				MTL_FAST_MATH = YES;
				ONLY_ACTIVE_ARCH = YES;
				SDKROOT = iphoneos;
				SWIFT_ACTIVE_COMPILATION_CONDITIONS = DEBUG;
				SWIFT_OPTIMIZATION_LEVEL = "-Onone";
			};
			name = Debug;
		};
		31F71023217D706100A7F85F /* Release */ = {
			isa = XCBuildConfiguration;
			buildSettings = {
				ALWAYS_SEARCH_USER_PATHS = NO;
				CLANG_ANALYZER_NONNULL = YES;
				CLANG_ANALYZER_NUMBER_OBJECT_CONVERSION = YES_AGGRESSIVE;
				CLANG_CXX_LANGUAGE_STANDARD = "gnu++14";
				CLANG_CXX_LIBRARY = "libc++";
				CLANG_ENABLE_MODULES = YES;
				CLANG_ENABLE_OBJC_ARC = YES;
				CLANG_ENABLE_OBJC_WEAK = YES;
				CLANG_WARN_BLOCK_CAPTURE_AUTORELEASING = YES;
				CLANG_WARN_BOOL_CONVERSION = YES;
				CLANG_WARN_COMMA = YES;
				CLANG_WARN_CONSTANT_CONVERSION = YES;
				CLANG_WARN_DEPRECATED_OBJC_IMPLEMENTATIONS = YES;
				CLANG_WARN_DIRECT_OBJC_ISA_USAGE = YES_ERROR;
				CLANG_WARN_DOCUMENTATION_COMMENTS = YES;
				CLANG_WARN_EMPTY_BODY = YES;
				CLANG_WARN_ENUM_CONVERSION = YES;
				CLANG_WARN_INFINITE_RECURSION = YES;
				CLANG_WARN_INT_CONVERSION = YES;
				CLANG_WARN_NON_LITERAL_NULL_CONVERSION = YES;
				CLANG_WARN_OBJC_IMPLICIT_RETAIN_SELF = YES;
				CLANG_WARN_OBJC_LITERAL_CONVERSION = YES;
				CLANG_WARN_OBJC_ROOT_CLASS = YES_ERROR;
				CLANG_WARN_RANGE_LOOP_ANALYSIS = YES;
				CLANG_WARN_STRICT_PROTOTYPES = YES;
				CLANG_WARN_SUSPICIOUS_MOVE = YES;
				CLANG_WARN_UNGUARDED_AVAILABILITY = YES_AGGRESSIVE;
				CLANG_WARN_UNREACHABLE_CODE = YES;
				CLANG_WARN__DUPLICATE_METHOD_MATCH = YES;
				CODE_SIGN_IDENTITY = "iPhone Developer";
				COPY_PHASE_STRIP = NO;
				DEBUG_INFORMATION_FORMAT = "dwarf-with-dsym";
				ENABLE_NS_ASSERTIONS = NO;
				ENABLE_STRICT_OBJC_MSGSEND = YES;
				GCC_C_LANGUAGE_STANDARD = gnu11;
				GCC_NO_COMMON_BLOCKS = YES;
				GCC_WARN_64_TO_32_BIT_CONVERSION = YES;
				GCC_WARN_ABOUT_RETURN_TYPE = YES_ERROR;
				GCC_WARN_UNDECLARED_SELECTOR = YES;
				GCC_WARN_UNINITIALIZED_AUTOS = YES_AGGRESSIVE;
				GCC_WARN_UNUSED_FUNCTION = YES;
				GCC_WARN_UNUSED_VARIABLE = YES;
				IPHONEOS_DEPLOYMENT_TARGET = 11.0;
				MTL_ENABLE_DEBUG_INFO = NO;
				MTL_FAST_MATH = YES;
				SDKROOT = iphoneos;
				SWIFT_COMPILATION_MODE = wholemodule;
				SWIFT_OPTIMIZATION_LEVEL = "-O";
				VALIDATE_PRODUCT = YES;
			};
			name = Release;
		};
		31F71025217D706100A7F85F /* Debug */ = {
			isa = XCBuildConfiguration;
			buildSettings = {
				ASSETCATALOG_COMPILER_APPICON_NAME = AppIcon;
				CODE_SIGN_STYLE = Automatic;
				DEVELOPMENT_TEAM = Z2D62J633K;
				INFOPLIST_FILE = "$(SRCROOT)/Anibal Morales Soundboard/Info.plist";
				IPHONEOS_DEPLOYMENT_TARGET = 11.0;
				LD_RUNPATH_SEARCH_PATHS = (
					"$(inherited)",
					"@executable_path/Frameworks",
				);
				PRODUCT_BUNDLE_IDENTIFIER = "com.schevenin.Guatemalan-Embassy";
				PRODUCT_NAME = "$(TARGET_NAME)";
				SWIFT_VERSION = 4.2;
				TARGETED_DEVICE_FAMILY = 1;
			};
			name = Debug;
		};
		31F71026217D706100A7F85F /* Release */ = {
			isa = XCBuildConfiguration;
			buildSettings = {
				ASSETCATALOG_COMPILER_APPICON_NAME = AppIcon;
				CODE_SIGN_STYLE = Automatic;
				DEVELOPMENT_TEAM = Z2D62J633K;
				INFOPLIST_FILE = "$(SRCROOT)/Anibal Morales Soundboard/Info.plist";
				IPHONEOS_DEPLOYMENT_TARGET = 11.0;
				LD_RUNPATH_SEARCH_PATHS = (
					"$(inherited)",
					"@executable_path/Frameworks",
				);
				PRODUCT_BUNDLE_IDENTIFIER = "com.schevenin.Guatemalan-Embassy";
				PRODUCT_NAME = "$(TARGET_NAME)";
				SWIFT_VERSION = 4.2;
				TARGETED_DEVICE_FAMILY = 1;
			};
			name = Release;
		};
/* End XCBuildConfiguration section */

/* Begin XCConfigurationList section */
		31F7100D217D706000A7F85F /* Build configuration list for PBXProject "Anibal Morales Soundboard" */ = {
			isa = XCConfigurationList;
			buildConfigurations = (
				31F71022217D706100A7F85F /* Debug */,
				31F71023217D706100A7F85F /* Release */,
			);
			defaultConfigurationIsVisible = 0;
			defaultConfigurationName = Release;
		};
		31F71024217D706100A7F85F /* Build configuration list for PBXNativeTarget "Anibal Morales Soundboard" */ = {
			isa = XCConfigurationList;
			buildConfigurations = (
				31F71025217D706100A7F85F /* Debug */,
				31F71026217D706100A7F85F /* Release */,
			);
			defaultConfigurationIsVisible = 0;
			defaultConfigurationName = Release;
		};
/* End XCConfigurationList section */
	};
	rootObject = 31F7100A217D706000A7F85F /* Project object */;
}
